// !$*UTF8*$!
{
	archiveVersion = 1;
	classes = {
	};
	objectVersion = 56;
	objects = {

/* Begin PBXBuildFile section */
		AF4F6EF82AD0B1A100C57039 /* TestAppApp.swift in Sources */ = {isa = PBXBuildFile; fileRef = AF4F6EF72AD0B1A100C57039 /* TestAppApp.swift */; };
		AF4F6EFA2AD0B1A100C57039 /* ContentView.swift in Sources */ = {isa = PBXBuildFile; fileRef = AF4F6EF92AD0B1A100C57039 /* ContentView.swift */; };
		AF4F6EFC2AD0B1A200C57039 /* Assets.xcassets in Resources */ = {isa = PBXBuildFile; fileRef = AF4F6EFB2AD0B1A200C57039 /* Assets.xcassets */; };
		AF4F6EFF2AD0B1A200C57039 /* Preview Assets.xcassets in Resources */ = {isa = PBXBuildFile; fileRef = AF4F6EFE2AD0B1A200C57039 /* Preview Assets.xcassets */; };
		AF4F6F092AD0B1A200C57039 /* TestAppTests.swift in Sources */ = {isa = PBXBuildFile; fileRef = AF4F6F082AD0B1A200C57039 /* TestAppTests.swift */; };
		AF4F6F132AD0B1A200C57039 /* TestAppUITests.swift in Sources */ = {isa = PBXBuildFile; fileRef = AF4F6F122AD0B1A200C57039 /* TestAppUITests.swift */; };
		AF4F6F152AD0B1A200C57039 /* TestAppUITestsLaunchTests.swift in Sources */ = {isa = PBXBuildFile; fileRef = AF4F6F142AD0B1A200C57039 /* TestAppUITestsLaunchTests.swift */; };
		AF4F6F222AD0BE3E00C57039 /* Package.swift in Sources */ = {isa = PBXBuildFile; fileRef = AF4F6F212AD0BE3E00C57039 /* Package.swift */; };
		AF4F6F242AD0C21B00C57039 /* .gitignore in Resources */ = {isa = PBXBuildFile; fileRef = AF4F6F232AD0C21B00C57039 /* .gitignore */; };
/* End PBXBuildFile section */

/* Begin PBXContainerItemProxy section */
		AF4F6F052AD0B1A200C57039 /* PBXContainerItemProxy */ = {
			isa = PBXContainerItemProxy;
			containerPortal = AF4F6EEC2AD0B1A100C57039 /* Project object */;
			proxyType = 1;
			remoteGlobalIDString = AF4F6EF32AD0B1A100C57039;
			remoteInfo = TestApp;
		};
		AF4F6F0F2AD0B1A200C57039 /* PBXContainerItemProxy */ = {
			isa = PBXContainerItemProxy;
			containerPortal = AF4F6EEC2AD0B1A100C57039 /* Project object */;
			proxyType = 1;
			remoteGlobalIDString = AF4F6EF32AD0B1A100C57039;
			remoteInfo = TestApp;
		};
/* End PBXContainerItemProxy section */

/* Begin PBXFileReference section */
		AF4F6EF42AD0B1A100C57039 /* TestApp.app */ = {isa = PBXFileReference; explicitFileType = wrapper.application; includeInIndex = 0; path = TestApp.app; sourceTree = BUILT_PRODUCTS_DIR; };
		AF4F6EF72AD0B1A100C57039 /* TestAppApp.swift */ = {isa = PBXFileReference; lastKnownFileType = sourcecode.swift; path = TestAppApp.swift; sourceTree = "<group>"; };
		AF4F6EF92AD0B1A100C57039 /* ContentView.swift */ = {isa = PBXFileReference; lastKnownFileType = sourcecode.swift; path = ContentView.swift; sourceTree = "<group>"; };
		AF4F6EFB2AD0B1A200C57039 /* Assets.xcassets */ = {isa = PBXFileReference; lastKnownFileType = folder.assetcatalog; path = Assets.xcassets; sourceTree = "<group>"; };
		AF4F6EFE2AD0B1A200C57039 /* Preview Assets.xcassets */ = {isa = PBXFileReference; lastKnownFileType = folder.assetcatalog; path = "Preview Assets.xcassets"; sourceTree = "<group>"; };
		AF4F6F042AD0B1A200C57039 /* TestAppTests.xctest */ = {isa = PBXFileReference; explicitFileType = wrapper.cfbundle; includeInIndex = 0; path = TestAppTests.xctest; sourceTree = BUILT_PRODUCTS_DIR; };
		AF4F6F082AD0B1A200C57039 /* TestAppTests.swift */ = {isa = PBXFileReference; lastKnownFileType = sourcecode.swift; path = TestAppTests.swift; sourceTree = "<group>"; };
		AF4F6F0E2AD0B1A200C57039 /* TestAppUITests.xctest */ = {isa = PBXFileReference; explicitFileType = wrapper.cfbundle; includeInIndex = 0; path = TestAppUITests.xctest; sourceTree = BUILT_PRODUCTS_DIR; };
		AF4F6F122AD0B1A200C57039 /* TestAppUITests.swift */ = {isa = PBXFileReference; lastKnownFileType = sourcecode.swift; path = TestAppUITests.swift; sourceTree = "<group>"; };
		AF4F6F142AD0B1A200C57039 /* TestAppUITestsLaunchTests.swift */ = {isa = PBXFileReference; lastKnownFileType = sourcecode.swift; path = TestAppUITestsLaunchTests.swift; sourceTree = "<group>"; };
		AF4F6F212AD0BE3E00C57039 /* Package.swift */ = {isa = PBXFileReference; lastKnownFileType = sourcecode.swift; path = Package.swift; sourceTree = "<group>"; };
		AF4F6F232AD0C21B00C57039 /* .gitignore */ = {isa = PBXFileReference; lastKnownFileType = text; path = .gitignore; sourceTree = "<group>"; };
/* End PBXFileReference section */

/* Begin PBXFrameworksBuildPhase section */
		AF4F6EF12AD0B1A100C57039 /* Frameworks */ = {
			isa = PBXFrameworksBuildPhase;
			buildActionMask = 2147483647;
			files = (
			);
			runOnlyForDeploymentPostprocessing = 0;
		};
		AF4F6F012AD0B1A200C57039 /* Frameworks */ = {
			isa = PBXFrameworksBuildPhase;
			buildActionMask = 2147483647;
			files = (
			);
			runOnlyForDeploymentPostprocessing = 0;
		};
		AF4F6F0B2AD0B1A200C57039 /* Frameworks */ = {
			isa = PBXFrameworksBuildPhase;
			buildActionMask = 2147483647;
			files = (
			);
			runOnlyForDeploymentPostprocessing = 0;
		};
/* End PBXFrameworksBuildPhase section */

/* Begin PBXGroup section */
		AF4F6EEB2AD0B1A100C57039 = {
			isa = PBXGroup;
			children = (
				AF4F6F212AD0BE3E00C57039 /* Package.swift */,
				AF4F6F232AD0C21B00C57039 /* .gitignore */,
				AF4F6EF62AD0B1A100C57039 /* TestApp */,
				AF4F6F072AD0B1A200C57039 /* TestAppTests */,
				AF4F6F112AD0B1A200C57039 /* TestAppUITests */,
				AF4F6EF52AD0B1A100C57039 /* Products */,
			);
			sourceTree = "<group>";
		};
		AF4F6EF52AD0B1A100C57039 /* Products */ = {
			isa = PBXGroup;
			children = (
				AF4F6EF42AD0B1A100C57039 /* TestApp.app */,
				AF4F6F042AD0B1A200C57039 /* TestAppTests.xctest */,
				AF4F6F0E2AD0B1A200C57039 /* TestAppUITests.xctest */,
			);
			name = Products;
			sourceTree = "<group>";
		};
		AF4F6EF62AD0B1A100C57039 /* TestApp */ = {
			isa = PBXGroup;
			children = (
				AF4F6EF72AD0B1A100C57039 /* TestAppApp.swift */,
				AF4F6EF92AD0B1A100C57039 /* ContentView.swift */,
				AF4F6EFB2AD0B1A200C57039 /* Assets.xcassets */,
				AF4F6EFD2AD0B1A200C57039 /* Preview Content */,
			);
			path = TestApp;
			sourceTree = "<group>";
		};
		AF4F6EFD2AD0B1A200C57039 /* Preview Content */ = {
			isa = PBXGroup;
			children = (
				AF4F6EFE2AD0B1A200C57039 /* Preview Assets.xcassets */,
			);
			path = "Preview Content";
			sourceTree = "<group>";
		};
		AF4F6F072AD0B1A200C57039 /* TestAppTests */ = {
			isa = PBXGroup;
			children = (
				AF4F6F082AD0B1A200C57039 /* TestAppTests.swift */,
			);
			path = TestAppTests;
			sourceTree = "<group>";
		};
		AF4F6F112AD0B1A200C57039 /* TestAppUITests */ = {
			isa = PBXGroup;
			children = (
				AF4F6F122AD0B1A200C57039 /* TestAppUITests.swift */,
				AF4F6F142AD0B1A200C57039 /* TestAppUITestsLaunchTests.swift */,
			);
			path = TestAppUITests;
			sourceTree = "<group>";
		};
/* End PBXGroup section */

/* Begin PBXNativeTarget section */
		AF4F6EF32AD0B1A100C57039 /* TestApp */ = {
			isa = PBXNativeTarget;
			buildConfigurationList = AF4F6F182AD0B1A200C57039 /* Build configuration list for PBXNativeTarget "TestApp" */;
			buildPhases = (
				AF4F6EF02AD0B1A100C57039 /* Sources */,
				AF4F6EF12AD0B1A100C57039 /* Frameworks */,
				AF4F6EF22AD0B1A100C57039 /* Resources */,
			);
			buildRules = (
			);
			dependencies = (
			);
			name = TestApp;
			productName = TestApp;
			productReference = AF4F6EF42AD0B1A100C57039 /* TestApp.app */;
			productType = "com.apple.product-type.application";
		};
		AF4F6F032AD0B1A200C57039 /* TestAppTests */ = {
			isa = PBXNativeTarget;
			buildConfigurationList = AF4F6F1B2AD0B1A200C57039 /* Build configuration list for PBXNativeTarget "TestAppTests" */;
			buildPhases = (
				AF4F6F002AD0B1A200C57039 /* Sources */,
				AF4F6F012AD0B1A200C57039 /* Frameworks */,
				AF4F6F022AD0B1A200C57039 /* Resources */,
			);
			buildRules = (
			);
			dependencies = (
				AF4F6F062AD0B1A200C57039 /* PBXTargetDependency */,
			);
			name = TestAppTests;
			productName = TestAppTests;
			productReference = AF4F6F042AD0B1A200C57039 /* TestAppTests.xctest */;
			productType = "com.apple.product-type.bundle.unit-test";
		};
		AF4F6F0D2AD0B1A200C57039 /* TestAppUITests */ = {
			isa = PBXNativeTarget;
			buildConfigurationList = AF4F6F1E2AD0B1A200C57039 /* Build configuration list for PBXNativeTarget "TestAppUITests" */;
			buildPhases = (
				AF4F6F0A2AD0B1A200C57039 /* Sources */,
				AF4F6F0B2AD0B1A200C57039 /* Frameworks */,
				AF4F6F0C2AD0B1A200C57039 /* Resources */,
			);
			buildRules = (
			);
			dependencies = (
				AF4F6F102AD0B1A200C57039 /* PBXTargetDependency */,
			);
			name = TestAppUITests;
			productName = TestAppUITests;
			productReference = AF4F6F0E2AD0B1A200C57039 /* TestAppUITests.xctest */;
			productType = "com.apple.product-type.bundle.ui-testing";
		};
/* End PBXNativeTarget section */

/* Begin PBXProject section */
		AF4F6EEC2AD0B1A100C57039 /* Project object */ = {
			isa = PBXProject;
			attributes = {
				BuildIndependentTargetsInParallel = 1;
				LastSwiftUpdateCheck = 1500;
				LastUpgradeCheck = 1500;
				TargetAttributes = {
					AF4F6EF32AD0B1A100C57039 = {
						CreatedOnToolsVersion = 15.0;
					};
					AF4F6F032AD0B1A200C57039 = {
						CreatedOnToolsVersion = 15.0;
						TestTargetID = AF4F6EF32AD0B1A100C57039;
					};
					AF4F6F0D2AD0B1A200C57039 = {
						CreatedOnToolsVersion = 15.0;
						TestTargetID = AF4F6EF32AD0B1A100C57039;
					};
				};
			};
			buildConfigurationList = AF4F6EEF2AD0B1A100C57039 /* Build configuration list for PBXProject "TestApp" */;
			compatibilityVersion = "Xcode 14.0";
			developmentRegion = en;
			hasScannedForEncodings = 0;
			knownRegions = (
				en,
				Base,
			);
			mainGroup = AF4F6EEB2AD0B1A100C57039;
			productRefGroup = AF4F6EF52AD0B1A100C57039 /* Products */;
			projectDirPath = "";
			projectRoot = "";
			targets = (
				AF4F6EF32AD0B1A100C57039 /* TestApp */,
				AF4F6F032AD0B1A200C57039 /* TestAppTests */,
				AF4F6F0D2AD0B1A200C57039 /* TestAppUITests */,
			);
		};
/* End PBXProject section */

/* Begin PBXResourcesBuildPhase section */
		AF4F6EF22AD0B1A100C57039 /* Resources */ = {
			isa = PBXResourcesBuildPhase;
			buildActionMask = 2147483647;
			files = (
				AF4F6EFF2AD0B1A200C57039 /* Preview Assets.xcassets in Resources */,
				AF4F6F242AD0C21B00C57039 /* .gitignore in Resources */,
				AF4F6EFC2AD0B1A200C57039 /* Assets.xcassets in Resources */,
			);
			runOnlyForDeploymentPostprocessing = 0;
		};
		AF4F6F022AD0B1A200C57039 /* Resources */ = {
			isa = PBXResourcesBuildPhase;
			buildActionMask = 2147483647;
			files = (
			);
			runOnlyForDeploymentPostprocessing = 0;
		};
		AF4F6F0C2AD0B1A200C57039 /* Resources */ = {
			isa = PBXResourcesBuildPhase;
			buildActionMask = 2147483647;
			files = (
			);
			runOnlyForDeploymentPostprocessing = 0;
		};
/* End PBXResourcesBuildPhase section */

/* Begin PBXSourcesBuildPhase section */
		AF4F6EF02AD0B1A100C57039 /* Sources */ = {
			isa = PBXSourcesBuildPhase;
			buildActionMask = 2147483647;
			files = (
				AF4F6F222AD0BE3E00C57039 /* Package.swift in Sources */,
				AF4F6EFA2AD0B1A100C57039 /* ContentView.swift in Sources */,
				AF4F6EF82AD0B1A100C57039 /* TestAppApp.swift in Sources */,
			);
			runOnlyForDeploymentPostprocessing = 0;
		};
		AF4F6F002AD0B1A200C57039 /* Sources */ = {
			isa = PBXSourcesBuildPhase;
			buildActionMask = 2147483647;
			files = (
				AF4F6F092AD0B1A200C57039 /* TestAppTests.swift in Sources */,
			);
			runOnlyForDeploymentPostprocessing = 0;
		};
		AF4F6F0A2AD0B1A200C57039 /* Sources */ = {
			isa = PBXSourcesBuildPhase;
			buildActionMask = 2147483647;
			files = (
				AF4F6F152AD0B1A200C57039 /* TestAppUITestsLaunchTests.swift in Sources */,
				AF4F6F132AD0B1A200C57039 /* TestAppUITests.swift in Sources */,
			);
			runOnlyForDeploymentPostprocessing = 0;
		};
/* End PBXSourcesBuildPhase section */

/* Begin PBXTargetDependency section */
		AF4F6F062AD0B1A200C57039 /* PBXTargetDependency */ = {
			isa = PBXTargetDependency;
			target = AF4F6EF32AD0B1A100C57039 /* TestApp */;
			targetProxy = AF4F6F052AD0B1A200C57039 /* PBXContainerItemProxy */;
		};
		AF4F6F102AD0B1A200C57039 /* PBXTargetDependency */ = {
			isa = PBXTargetDependency;
			target = AF4F6EF32AD0B1A100C57039 /* TestApp */;
			targetProxy = AF4F6F0F2AD0B1A200C57039 /* PBXContainerItemProxy */;
		};
/* End PBXTargetDependency section */

/* Begin XCBuildConfiguration section */
		AF4F6F162AD0B1A200C57039 /* Debug */ = {
			isa = XCBuildConfiguration;
			buildSettings = {
				ALWAYS_SEARCH_USER_PATHS = NO;
				ASSETCATALOG_COMPILER_GENERATE_SWIFT_ASSET_SYMBOL_EXTENSIONS = YES;
				CLANG_ANALYZER_NONNULL = YES;
				CLANG_ANALYZER_NUMBER_OBJECT_CONVERSION = YES_AGGRESSIVE;
				CLANG_CXX_LANGUAGE_STANDARD = "gnu++20";
				CLANG_ENABLE_MODULES = YES;
				CLANG_ENABLE_OBJC_ARC = YES;
				CLANG_ENABLE_OBJC_WEAK = YES;
				CLANG_WARN_BLOCK_CAPTURE_AUTORELEASING = YES;
				CLANG_WARN_BOOL_CONVERSION = YES;
				CLANG_WARN_COMMA = YES;
				CLANG_WARN_CONSTANT_CONVERSION = YES;
				CLANG_WARN_DEPRECATED_OBJC_IMPLEMENTATIONS = YES;
				CLANG_WARN_DIRECT_OBJC_ISA_USAGE = YES_ERROR;
				CLANG_WARN_DOCUMENTATION_COMMENTS = YES;
				CLANG_WARN_EMPTY_BODY = YES;
				CLANG_WARN_ENUM_CONVERSION = YES;
				CLANG_WARN_INFINITE_RECURSION = YES;
				CLANG_WARN_INT_CONVERSION = YES;
				CLANG_WARN_NON_LITERAL_NULL_CONVERSION = YES;
				CLANG_WARN_OBJC_IMPLICIT_RETAIN_SELF = YES;
				CLANG_WARN_OBJC_LITERAL_CONVERSION = YES;
				CLANG_WARN_OBJC_ROOT_CLASS = YES_ERROR;
				CLANG_WARN_QUOTED_INCLUDE_IN_FRAMEWORK_HEADER = YES;
				CLANG_WARN_RANGE_LOOP_ANALYSIS = YES;
				CLANG_WARN_STRICT_PROTOTYPES = YES;
				CLANG_WARN_SUSPICIOUS_MOVE = YES;
				CLANG_WARN_UNGUARDED_AVAILABILITY = YES_AGGRESSIVE;
				CLANG_WARN_UNREACHABLE_CODE = YES;
				CLANG_WARN__DUPLICATE_METHOD_MATCH = YES;
				COPY_PHASE_STRIP = NO;
				DEBUG_INFORMATION_FORMAT = dwarf;
				ENABLE_STRICT_OBJC_MSGSEND = YES;
				ENABLE_TESTABILITY = YES;
				ENABLE_USER_SCRIPT_SANDBOXING = YES;
				GCC_C_LANGUAGE_STANDARD = gnu17;
				GCC_DYNAMIC_NO_PIC = NO;
				GCC_NO_COMMON_BLOCKS = YES;
				GCC_OPTIMIZATION_LEVEL = 0;
				GCC_PREPROCESSOR_DEFINITIONS = (
					"DEBUG=1",
					"$(inherited)",
				);
				GCC_WARN_64_TO_32_BIT_CONVERSION = YES;
				GCC_WARN_ABOUT_RETURN_TYPE = YES_ERROR;
				GCC_WARN_UNDECLARED_SELECTOR = YES;
				GCC_WARN_UNINITIALIZED_AUTOS = YES_AGGRESSIVE;
				GCC_WARN_UNUSED_FUNCTION = YES;
				GCC_WARN_UNUSED_VARIABLE = YES;
				IPHONEOS_DEPLOYMENT_TARGET = 17.0;
				LOCALIZATION_PREFERS_STRING_CATALOGS = YES;
				MTL_ENABLE_DEBUG_INFO = INCLUDE_SOURCE;
				MTL_FAST_MATH = YES;
				ONLY_ACTIVE_ARCH = YES;
				SDKROOT = iphoneos;
				SWIFT_ACTIVE_COMPILATION_CONDITIONS = "DEBUG $(inherited)";
				SWIFT_OPTIMIZATION_LEVEL = "-Onone";
			};
			name = Debug;
		};
		AF4F6F172AD0B1A200C57039 /* Release */ = {
			isa = XCBuildConfiguration;
			buildSettings = {
				ALWAYS_SEARCH_USER_PATHS = NO;
				ASSETCATALOG_COMPILER_GENERATE_SWIFT_ASSET_SYMBOL_EXTENSIONS = YES;
				CLANG_ANALYZER_NONNULL = YES;
				CLANG_ANALYZER_NUMBER_OBJECT_CONVERSION = YES_AGGRESSIVE;
				CLANG_CXX_LANGUAGE_STANDARD = "gnu++20";
				CLANG_ENABLE_MODULES = YES;
				CLANG_ENABLE_OBJC_ARC = YES;
				CLANG_ENABLE_OBJC_WEAK = YES;
				CLANG_WARN_BLOCK_CAPTURE_AUTORELEASING = YES;
				CLANG_WARN_BOOL_CONVERSION = YES;
				CLANG_WARN_COMMA = YES;
				CLANG_WARN_CONSTANT_CONVERSION = YES;
				CLANG_WARN_DEPRECATED_OBJC_IMPLEMENTATIONS = YES;
				CLANG_WARN_DIRECT_OBJC_ISA_USAGE = YES_ERROR;
				CLANG_WARN_DOCUMENTATION_COMMENTS = YES;
				CLANG_WARN_EMPTY_BODY = YES;
				CLANG_WARN_ENUM_CONVERSION = YES;
				CLANG_WARN_INFINITE_RECURSION = YES;
				CLANG_WARN_INT_CONVERSION = YES;
				CLANG_WARN_NON_LITERAL_NULL_CONVERSION = YES;
				CLANG_WARN_OBJC_IMPLICIT_RETAIN_SELF = YES;
				CLANG_WARN_OBJC_LITERAL_CONVERSION = YES;
				CLANG_WARN_OBJC_ROOT_CLASS = YES_ERROR;
				CLANG_WARN_QUOTED_INCLUDE_IN_FRAMEWORK_HEADER = YES;
				CLANG_WARN_RANGE_LOOP_ANALYSIS = YES;
				CLANG_WARN_STRICT_PROTOTYPES = YES;
				CLANG_WARN_SUSPICIOUS_MOVE = YES;
				CLANG_WARN_UNGUARDED_AVAILABILITY = YES_AGGRESSIVE;
				CLANG_WARN_UNREACHABLE_CODE = YES;
				CLANG_WARN__DUPLICATE_METHOD_MATCH = YES;
				COPY_PHASE_STRIP = NO;
				DEBUG_INFORMATION_FORMAT = "dwarf-with-dsym";
				ENABLE_NS_ASSERTIONS = NO;
				ENABLE_STRICT_OBJC_MSGSEND = YES;
				ENABLE_USER_SCRIPT_SANDBOXING = YES;
				GCC_C_LANGUAGE_STANDARD = gnu17;
				GCC_NO_COMMON_BLOCKS = YES;
				GCC_WARN_64_TO_32_BIT_CONVERSION = YES;
				GCC_WARN_ABOUT_RETURN_TYPE = YES_ERROR;
				GCC_WARN_UNDECLARED_SELECTOR = YES;
				GCC_WARN_UNINITIALIZED_AUTOS = YES_AGGRESSIVE;
				GCC_WARN_UNUSED_FUNCTION = YES;
				GCC_WARN_UNUSED_VARIABLE = YES;
				IPHONEOS_DEPLOYMENT_TARGET = 17.0;
				LOCALIZATION_PREFERS_STRING_CATALOGS = YES;
				MTL_ENABLE_DEBUG_INFO = NO;
				MTL_FAST_MATH = YES;
				SDKROOT = iphoneos;
				SWIFT_COMPILATION_MODE = wholemodule;
				VALIDATE_PRODUCT = YES;
			};
			name = Release;
		};
		AF4F6F192AD0B1A200C57039 /* Debug */ = {
			isa = XCBuildConfiguration;
			buildSettings = {
				ASSETCATALOG_COMPILER_APPICON_NAME = AppIcon;
				ASSETCATALOG_COMPILER_GLOBAL_ACCENT_COLOR_NAME = AccentColor;
				CODE_SIGN_STYLE = Automatic;
				CURRENT_PROJECT_VERSION = 1;
				DEVELOPMENT_ASSET_PATHS = "\"TestApp/Preview Content\"";
				ENABLE_PREVIEWS = YES;
				GENERATE_INFOPLIST_FILE = YES;
				INFOPLIST_KEY_UIApplicationSceneManifest_Generation = YES;
				INFOPLIST_KEY_UIApplicationSupportsIndirectInputEvents = YES;
				INFOPLIST_KEY_UILaunchScreen_Generation = YES;
				INFOPLIST_KEY_UISupportedInterfaceOrientations_iPad = "UIInterfaceOrientationPortrait UIInterfaceOrientationPortraitUpsideDown UIInterfaceOrientationLandscapeLeft UIInterfaceOrientationLandscapeRight";
				INFOPLIST_KEY_UISupportedInterfaceOrientations_iPhone = "UIInterfaceOrientationPortrait UIInterfaceOrientationLandscapeLeft UIInterfaceOrientationLandscapeRight";
				LD_RUNPATH_SEARCH_PATHS = (
					"$(inherited)",
					"@executable_path/Frameworks",
				);
				MARKETING_VERSION = 1.0;
				PRODUCT_BUNDLE_IDENTIFIER = com.tdrhq.test.TestApp;
				PRODUCT_NAME = "$(TARGET_NAME)";
				SWIFT_EMIT_LOC_STRINGS = YES;
				SWIFT_VERSION = 5.0;
				TARGETED_DEVICE_FAMILY = "1,2";
			};
			name = Debug;
		};
		AF4F6F1A2AD0B1A200C57039 /* Release */ = {
			isa = XCBuildConfiguration;
			buildSettings = {
				ASSETCATALOG_COMPILER_APPICON_NAME = AppIcon;
				ASSETCATALOG_COMPILER_GLOBAL_ACCENT_COLOR_NAME = AccentColor;
				CODE_SIGN_STYLE = Automatic;
				CURRENT_PROJECT_VERSION = 1;
				DEVELOPMENT_ASSET_PATHS = "\"TestApp/Preview Content\"";
				ENABLE_PREVIEWS = YES;
				GENERATE_INFOPLIST_FILE = YES;
				INFOPLIST_KEY_UIApplicationSceneManifest_Generation = YES;
				INFOPLIST_KEY_UIApplicationSupportsIndirectInputEvents = YES;
				INFOPLIST_KEY_UILaunchScreen_Generation = YES;
				INFOPLIST_KEY_UISupportedInterfaceOrientations_iPad = "UIInterfaceOrientationPortrait UIInterfaceOrientationPortraitUpsideDown UIInterfaceOrientationLandscapeLeft UIInterfaceOrientationLandscapeRight";
				INFOPLIST_KEY_UISupportedInterfaceOrientations_iPhone = "UIInterfaceOrientationPortrait UIInterfaceOrientationLandscapeLeft UIInterfaceOrientationLandscapeRight";
				LD_RUNPATH_SEARCH_PATHS = (
					"$(inherited)",
					"@executable_path/Frameworks",
				);
				MARKETING_VERSION = 1.0;
				PRODUCT_BUNDLE_IDENTIFIER = com.tdrhq.test.TestApp;
				PRODUCT_NAME = "$(TARGET_NAME)";
				SWIFT_EMIT_LOC_STRINGS = YES;
				SWIFT_VERSION = 5.0;
				TARGETED_DEVICE_FAMILY = "1,2";
			};
			name = Release;
		};
		AF4F6F1C2AD0B1A200C57039 /* Debug */ = {
			isa = XCBuildConfiguration;
			buildSettings = {
				ALWAYS_EMBED_SWIFT_STANDARD_LIBRARIES = YES;
				BUNDLE_LOADER = "$(TEST_HOST)";
				CODE_SIGN_STYLE = Automatic;
				CURRENT_PROJECT_VERSION = 1;
				GENERATE_INFOPLIST_FILE = YES;
				IPHONEOS_DEPLOYMENT_TARGET = 17.0;
				MARKETING_VERSION = 1.0;
				PRODUCT_BUNDLE_IDENTIFIER = com.tdrhq.test.TestAppTests;
				PRODUCT_NAME = "$(TARGET_NAME)";
				SWIFT_EMIT_LOC_STRINGS = NO;
				SWIFT_VERSION = 5.0;
				TARGETED_DEVICE_FAMILY = "1,2";
				TEST_HOST = "$(BUILT_PRODUCTS_DIR)/TestApp.app/$(BUNDLE_EXECUTABLE_FOLDER_PATH)/TestApp";
			};
			name = Debug;
		};
		AF4F6F1D2AD0B1A200C57039 /* Release */ = {
			isa = XCBuildConfiguration;
			buildSettings = {
				ALWAYS_EMBED_SWIFT_STANDARD_LIBRARIES = YES;
				BUNDLE_LOADER = "$(TEST_HOST)";
				CODE_SIGN_STYLE = Automatic;
				CURRENT_PROJECT_VERSION = 1;
				GENERATE_INFOPLIST_FILE = YES;
				IPHONEOS_DEPLOYMENT_TARGET = 17.0;
				MARKETING_VERSION = 1.0;
				PRODUCT_BUNDLE_IDENTIFIER = com.tdrhq.test.TestAppTests;
				PRODUCT_NAME = "$(TARGET_NAME)";
				SWIFT_EMIT_LOC_STRINGS = NO;
				SWIFT_VERSION = 5.0;
				TARGETED_DEVICE_FAMILY = "1,2";
				TEST_HOST = "$(BUILT_PRODUCTS_DIR)/TestApp.app/$(BUNDLE_EXECUTABLE_FOLDER_PATH)/TestApp";
			};
			name = Release;
		};
		AF4F6F1F2AD0B1A200C57039 /* Debug */ = {
			isa = XCBuildConfiguration;
			buildSettings = {
				ALWAYS_EMBED_SWIFT_STANDARD_LIBRARIES = YES;
				CODE_SIGN_STYLE = Automatic;
				CURRENT_PROJECT_VERSION = 1;
				GENERATE_INFOPLIST_FILE = YES;
				MARKETING_VERSION = 1.0;
				PRODUCT_BUNDLE_IDENTIFIER = com.tdrhq.test.TestAppUITests;
				PRODUCT_NAME = "$(TARGET_NAME)";
				SWIFT_EMIT_LOC_STRINGS = NO;
				SWIFT_VERSION = 5.0;
				TARGETED_DEVICE_FAMILY = "1,2";
				TEST_TARGET_NAME = TestApp;
			};
			name = Debug;
		};
		AF4F6F202AD0B1A200C57039 /* Release */ = {
			isa = XCBuildConfiguration;
			buildSettings = {
				ALWAYS_EMBED_SWIFT_STANDARD_LIBRARIES = YES;
				CODE_SIGN_STYLE = Automatic;
				CURRENT_PROJECT_VERSION = 1;
				GENERATE_INFOPLIST_FILE = YES;
				MARKETING_VERSION = 1.0;
				PRODUCT_BUNDLE_IDENTIFIER = com.tdrhq.test.TestAppUITests;
				PRODUCT_NAME = "$(TARGET_NAME)";
				SWIFT_EMIT_LOC_STRINGS = NO;
				SWIFT_VERSION = 5.0;
				TARGETED_DEVICE_FAMILY = "1,2";
				TEST_TARGET_NAME = TestApp;
			};
			name = Release;
		};
/* End XCBuildConfiguration section */

/* Begin XCConfigurationList section */
		AF4F6EEF2AD0B1A100C57039 /* Build configuration list for PBXProject "TestApp" */ = {
			isa = XCConfigurationList;
			buildConfigurations = (
				AF4F6F162AD0B1A200C57039 /* Debug */,
				AF4F6F172AD0B1A200C57039 /* Release */,
			);
			defaultConfigurationIsVisible = 0;
			defaultConfigurationName = Release;
		};
		AF4F6F182AD0B1A200C57039 /* Build configuration list for PBXNativeTarget "TestApp" */ = {
			isa = XCConfigurationList;
			buildConfigurations = (
				AF4F6F192AD0B1A200C57039 /* Debug */,
				AF4F6F1A2AD0B1A200C57039 /* Release */,
			);
			defaultConfigurationIsVisible = 0;
			defaultConfigurationName = Release;
		};
		AF4F6F1B2AD0B1A200C57039 /* Build configuration list for PBXNativeTarget "TestAppTests" */ = {
			isa = XCConfigurationList;
			buildConfigurations = (
				AF4F6F1C2AD0B1A200C57039 /* Debug */,
				AF4F6F1D2AD0B1A200C57039 /* Release */,
			);
			defaultConfigurationIsVisible = 0;
			defaultConfigurationName = Release;
		};
		AF4F6F1E2AD0B1A200C57039 /* Build configuration list for PBXNativeTarget "TestAppUITests" */ = {
			isa = XCConfigurationList;
			buildConfigurations = (
				AF4F6F1F2AD0B1A200C57039 /* Debug */,
				AF4F6F202AD0B1A200C57039 /* Release */,
			);
			defaultConfigurationIsVisible = 0;
			defaultConfigurationName = Release;
		};
/* End XCConfigurationList section */
	};
	rootObject = AF4F6EEC2AD0B1A100C57039 /* Project object */;
}
